
Microsoft Visual Studio Solution File, Format Version 12.00
# Visual Studio Version 17
VisualStudioVersion = 17.0.31903.59
MinimumVisualStudioVersion = 10.0.40219.1
Project("{FAE04EC0-301F-11D3-BF4B-00C04F79EFBC}") = "API", "API\API.csproj", "{A1782E1A-A1B8-470D-917F-54FE09AB9312}"
EndProject
Project("{FAE04EC0-301F-11D3-BF4B-00C04F79EFBC}") = "Core", "Core\Core.csproj", "{FCD421A7-A31E-4D37-9FE5-0B08CA259553}"
EndProject
Project("{FAE04EC0-301F-11D3-BF4B-00C04F79EFBC}") = "Infrastructure", "Infrastructure\Infrastructure.csproj", "{482810D8-2056-4259-AF6F-65EBA316DDC7}"
EndProject
Global
	GlobalSection(SolutionConfigurationPlatforms) = preSolution
		Debug|Any CPU = Debug|Any CPU
		Release|Any CPU = Release|Any CPU
	EndGlobalSection
	GlobalSection(SolutionProperties) = preSolution
		HideSolutionNode = FALSE
	EndGlobalSection
	GlobalSection(ProjectConfigurationPlatforms) = postSolution
		{A1782E1A-A1B8-470D-917F-54FE09AB9312}.Debug|Any CPU.ActiveCfg = Debug|Any CPU
		{A1782E1A-A1B8-470D-917F-54FE09AB9312}.Debug|Any CPU.Build.0 = Debug|Any CPU
		{A1782E1A-A1B8-470D-917F-54FE09AB9312}.Release|Any CPU.ActiveCfg = Release|Any CPU
		{A1782E1A-A1B8-470D-917F-54FE09AB9312}.Release|Any CPU.Build.0 = Release|Any CPU
		{FCD421A7-A31E-4D37-9FE5-0B08CA259553}.Debug|Any CPU.ActiveCfg = Debug|Any CPU
		{FCD421A7-A31E-4D37-9FE5-0B08CA259553}.Debug|Any CPU.Build.0 = Debug|Any CPU
		{FCD421A7-A31E-4D37-9FE5-0B08CA259553}.Release|Any CPU.ActiveCfg = Release|Any CPU
		{FCD421A7-A31E-4D37-9FE5-0B08CA259553}.Release|Any CPU.Build.0 = Release|Any CPU
		{482810D8-2056-4259-AF6F-65EBA316DDC7}.Debug|Any CPU.ActiveCfg = Debug|Any CPU
		{482810D8-2056-4259-AF6F-65EBA316DDC7}.Debug|Any CPU.Build.0 = Debug|Any CPU
		{482810D8-2056-4259-AF6F-65EBA316DDC7}.Release|Any CPU.ActiveCfg = Release|Any CPU
		{482810D8-2056-4259-AF6F-65EBA316DDC7}.Release|Any CPU.Build.0 = Release|Any CPU
	EndGlobalSection
EndGlobal
